
Microsoft Visual Studio Solution File, Format Version 12.00
# Visual Studio Version 17
VisualStudioVersion = 17.10.34928.147
MinimumVisualStudioVersion = 10.0.40219.1
Project("{9A19103F-16F7-4668-BE54-9A1E7A4F7556}") = "ADONETMake", "ADONETMake\ADONETMake.csproj", "{9AE8CCA8-9E3D-4383-9C7A-48D26FFCB79F}"
EndProject
Project("{FAE04EC0-301F-11D3-BF4B-00C04F79EFBC}") = "ADONET_Inventory", "ADONET_Inventory\ADONET_Inventory.csproj", "{F7D6E5C4-397D-4F32-9020-A41C5D6EDC49}"
EndProject
Global
	GlobalSection(SolutionConfigurationPlatforms) = preSolution
		Debug|Any CPU = Debug|Any CPU
		Release|Any CPU = Release|Any CPU
	EndGlobalSection
	GlobalSection(ProjectConfigurationPlatforms) = postSolution
		{9AE8CCA8-9E3D-4383-9C7A-48D26FFCB79F}.Debug|Any CPU.ActiveCfg = Debug|Any CPU
		{9AE8CCA8-9E3D-4383-9C7A-48D26FFCB79F}.Debug|Any CPU.Build.0 = Debug|Any CPU
		{9AE8CCA8-9E3D-4383-9C7A-48D26FFCB79F}.Release|Any CPU.ActiveCfg = Release|Any CPU
		{9AE8CCA8-9E3D-4383-9C7A-48D26FFCB79F}.Release|Any CPU.Build.0 = Release|Any CPU
		{F7D6E5C4-397D-4F32-9020-A41C5D6EDC49}.Debug|Any CPU.ActiveCfg = Debug|Any CPU
		{F7D6E5C4-397D-4F32-9020-A41C5D6EDC49}.Debug|Any CPU.Build.0 = Debug|Any CPU
		{F7D6E5C4-397D-4F32-9020-A41C5D6EDC49}.Release|Any CPU.ActiveCfg = Release|Any CPU
		{F7D6E5C4-397D-4F32-9020-A41C5D6EDC49}.Release|Any CPU.Build.0 = Release|Any CPU
	EndGlobalSection
	GlobalSection(SolutionProperties) = preSolution
		HideSolutionNode = FALSE
	EndGlobalSection
	GlobalSection(ExtensibilityGlobals) = postSolution
		SolutionGuid = {935BFB1B-BEDE-4E56-B9FE-7E644C7D0E93}
	EndGlobalSection
EndGlobal
