
Microsoft Visual Studio Solution File, Format Version 12.00
# Visual Studio Version 17
VisualStudioVersion = 17.10.34928.147
MinimumVisualStudioVersion = 10.0.40219.1
Project("{9A19103F-16F7-4668-BE54-9A1E7A4F7556}") = "EntityFramework", "EntityFramework\EntityFramework.csproj", "{C0ED53E0-0788-48DE-B8B4-E1AB9C9458AB}"
EndProject
Project("{9A19103F-16F7-4668-BE54-9A1E7A4F7556}") = "ADONET", "ADONET\ADONET.csproj", "{1EA6CFFC-4348-4AD7-8FFE-F664C48D1D28}"
EndProject
Global
	GlobalSection(SolutionConfigurationPlatforms) = preSolution
		Debug|Any CPU = Debug|Any CPU
		Release|Any CPU = Release|Any CPU
	EndGlobalSection
	GlobalSection(ProjectConfigurationPlatforms) = postSolution
		{C0ED53E0-0788-48DE-B8B4-E1AB9C9458AB}.Debug|Any CPU.ActiveCfg = Debug|Any CPU
		{C0ED53E0-0788-48DE-B8B4-E1AB9C9458AB}.Debug|Any CPU.Build.0 = Debug|Any CPU
		{C0ED53E0-0788-48DE-B8B4-E1AB9C9458AB}.Release|Any CPU.ActiveCfg = Release|Any CPU
		{C0ED53E0-0788-48DE-B8B4-E1AB9C9458AB}.Release|Any CPU.Build.0 = Release|Any CPU
		{1EA6CFFC-4348-4AD7-8FFE-F664C48D1D28}.Debug|Any CPU.ActiveCfg = Debug|Any CPU
		{1EA6CFFC-4348-4AD7-8FFE-F664C48D1D28}.Debug|Any CPU.Build.0 = Debug|Any CPU
		{1EA6CFFC-4348-4AD7-8FFE-F664C48D1D28}.Release|Any CPU.ActiveCfg = Release|Any CPU
		{1EA6CFFC-4348-4AD7-8FFE-F664C48D1D28}.Release|Any CPU.Build.0 = Release|Any CPU
	EndGlobalSection
	GlobalSection(SolutionProperties) = preSolution
		HideSolutionNode = FALSE
	EndGlobalSection
	GlobalSection(ExtensibilityGlobals) = postSolution
		SolutionGuid = {935BFB1B-BEDE-4E56-B9FE-7E644C7D0E93}
	EndGlobalSection
EndGlobal
